
Microsoft Visual Studio Solution File, Format Version 12.00
# Visual Studio Version 16
VisualStudioVersion = 16.0.30523.141
MinimumVisualStudioVersion = 10.0.40219.1
Project("{FAE04EC0-301F-11D3-BF4B-00C04F79EFBC}") = "ProcessMessageMapperTests", "Tests\ProcessMessageMapperTests\ProcessMessageMapperTests.csproj", "{CE949B8C-B1E2-4E50-BEDC-D59D979A30DF}"
EndProject
Project("{2150E333-8FDC-42A3-9474-1A3956D46DE8}") = "Tests", "Tests", "{CDAC716B-CF41-4792-8B76-05030A0DDF2B}"
EndProject
Project("{FAE04EC0-301F-11D3-BF4B-00C04F79EFBC}") = "MappersLib", "MappersLib\MappersLib.csproj", "{19FA7A28-B796-40DC-BC9D-DDD0D7E14456}"
EndProject
Global
	GlobalSection(SolutionConfigurationPlatforms) = preSolution
		Debug|Any CPU = Debug|Any CPU
		Release|Any CPU = Release|Any CPU
	EndGlobalSection
	GlobalSection(ProjectConfigurationPlatforms) = postSolution
		{CE949B8C-B1E2-4E50-BEDC-D59D979A30DF}.Debug|Any CPU.ActiveCfg = Debug|Any CPU
		{CE949B8C-B1E2-4E50-BEDC-D59D979A30DF}.Debug|Any CPU.Build.0 = Debug|Any CPU
		{CE949B8C-B1E2-4E50-BEDC-D59D979A30DF}.Release|Any CPU.ActiveCfg = Release|Any CPU
		{CE949B8C-B1E2-4E50-BEDC-D59D979A30DF}.Release|Any CPU.Build.0 = Release|Any CPU
		{19FA7A28-B796-40DC-BC9D-DDD0D7E14456}.Debug|Any CPU.ActiveCfg = Debug|Any CPU
		{19FA7A28-B796-40DC-BC9D-DDD0D7E14456}.Debug|Any CPU.Build.0 = Debug|Any CPU
		{19FA7A28-B796-40DC-BC9D-DDD0D7E14456}.Release|Any CPU.ActiveCfg = Release|Any CPU
		{19FA7A28-B796-40DC-BC9D-DDD0D7E14456}.Release|Any CPU.Build.0 = Release|Any CPU
	EndGlobalSection
	GlobalSection(SolutionProperties) = preSolution
		HideSolutionNode = FALSE
	EndGlobalSection
	GlobalSection(NestedProjects) = preSolution
		{CE949B8C-B1E2-4E50-BEDC-D59D979A30DF} = {CDAC716B-CF41-4792-8B76-05030A0DDF2B}
	EndGlobalSection
	GlobalSection(ExtensibilityGlobals) = postSolution
		SolutionGuid = {7B73AC10-F919-40FA-B6C6-464376EF3371}
	EndGlobalSection
EndGlobal
